
Microsoft Visual Studio Solution File, Format Version 12.00
# Visual Studio 15
VisualStudioVersion = 15.0.26430.6
MinimumVisualStudioVersion = 10.0.40219.1
Project("{2150E333-8FDC-42A3-9474-1A3956D46DE8}") = "src", "src", "{8BAEC9FB-23FF-4E89-BC15-EF9527C266B3}"
EndProject
Project("{2150E333-8FDC-42A3-9474-1A3956D46DE8}") = "Solution Items", "Solution Items", "{424D94ED-7772-41E2-8C4C-8F7C0F717AD3}"
EndProject
Project("{9A19103F-16F7-4668-BE54-9A1E7A4F7556}") = "7lab", "src\7lab\7lab.csproj", "{D2FDBDB2-D21D-4A69-85ED-961C5814C7B0}"
EndProject
Global
	GlobalSection(SolutionConfigurationPlatforms) = preSolution
		Debug|Any CPU = Debug|Any CPU
		Release|Any CPU = Release|Any CPU
	EndGlobalSection
	GlobalSection(ProjectConfigurationPlatforms) = postSolution
		{D2FDBDB2-D21D-4A69-85ED-961C5814C7B0}.Debug|Any CPU.ActiveCfg = Debug|Any CPU
		{D2FDBDB2-D21D-4A69-85ED-961C5814C7B0}.Debug|Any CPU.Build.0 = Debug|Any CPU
		{D2FDBDB2-D21D-4A69-85ED-961C5814C7B0}.Release|Any CPU.ActiveCfg = Release|Any CPU
		{D2FDBDB2-D21D-4A69-85ED-961C5814C7B0}.Release|Any CPU.Build.0 = Release|Any CPU
	EndGlobalSection
	GlobalSection(SolutionProperties) = preSolution
		HideSolutionNode = FALSE
	EndGlobalSection
	GlobalSection(NestedProjects) = preSolution
		{D2FDBDB2-D21D-4A69-85ED-961C5814C7B0} = {8BAEC9FB-23FF-4E89-BC15-EF9527C266B3}
	EndGlobalSection
EndGlobal
